
Microsoft Visual Studio Solution File, Format Version 12.00
# Visual Studio 15
VisualStudioVersion = 15.0.28010.2016
MinimumVisualStudioVersion = 10.0.40219.1
Project("{FAE04EC0-301F-11D3-BF4B-00C04F79EFBC}") = "InventorySalingSystem", "InventorySalingSystem\InventorySalingSystem.csproj", "{173FF20D-20B0-4A60-96AB-2429384C2F93}"
EndProject
Global
	GlobalSection(SolutionConfigurationPlatforms) = preSolution
		Debug|Any CPU = Debug|Any CPU
		Release|Any CPU = Release|Any CPU
	EndGlobalSection
	GlobalSection(ProjectConfigurationPlatforms) = postSolution
		{173FF20D-20B0-4A60-96AB-2429384C2F93}.Debug|Any CPU.ActiveCfg = Debug|Any CPU
		{173FF20D-20B0-4A60-96AB-2429384C2F93}.Debug|Any CPU.Build.0 = Debug|Any CPU
		{173FF20D-20B0-4A60-96AB-2429384C2F93}.Release|Any CPU.ActiveCfg = Release|Any CPU
		{173FF20D-20B0-4A60-96AB-2429384C2F93}.Release|Any CPU.Build.0 = Release|Any CPU
	EndGlobalSection
	GlobalSection(SolutionProperties) = preSolution
		HideSolutionNode = FALSE
	EndGlobalSection
	GlobalSection(ExtensibilityGlobals) = postSolution
		SolutionGuid = {88CAF658-3354-4DCD-8616-083A1EF8D742}
	EndGlobalSection
EndGlobal
